{
  "name": "npm-modules",
  "version": "1.0.0",
  "lockfileVersion": 1,
  "requires": true,
  "dependencies": {
    "stupid-joke": {
      "version": "1.0.1",
      "resolved": "https://registry.npmjs.org/stupid-joke/-/stupid-joke-1.0.1.tgz",
      "integrity": "sha512-F4oPWViwTBbXBJSUlgXKMSV2C9RWKkPRYEC8j5Q34eP62nWiqF/M2V0cSsaRSFGoU7cLZR1JC2Qb658/vJltPQ=="
    }
  }
}
